
Microsoft Visual Studio Solution File, Format Version 12.00
# Visual Studio Version 17
VisualStudioVersion = 17.12.35514.174
MinimumVisualStudioVersion = 10.0.40219.1
Project("{FAE04EC0-301F-11D3-BF4B-00C04F79EFBC}") = "SM.Domain", "SM.Domain\SM.Domain.csproj", "{F4CF1853-8CFF-45DB-A689-C068EB319BB3}"
EndProject
Project("{2150E333-8FDC-42A3-9474-1A3956D46DE8}") = "Domain", "Domain", "{B45A38CB-BE94-4CDD-8A1E-D46E3B63D610}"
EndProject
Project("{2150E333-8FDC-42A3-9474-1A3956D46DE8}") = "Application", "Application", "{5478D886-5000-4A0A-A977-18918219E55D}"
EndProject
Project("{2150E333-8FDC-42A3-9474-1A3956D46DE8}") = "Infrastructure", "Infrastructure", "{318821ED-6A57-4A2E-8405-D0E92D2BF6A6}"
EndProject
Project("{2150E333-8FDC-42A3-9474-1A3956D46DE8}") = "Presentation", "Presentation", "{87CAF2BB-4CA7-4E57-BF1C-B3BA17668485}"
EndProject
Project("{FAE04EC0-301F-11D3-BF4B-00C04F79EFBC}") = "SM.Application", "SM.Application\SM.Application.csproj", "{363CFE21-36B8-43E0-854B-939464E252A0}"
EndProject
Project("{FAE04EC0-301F-11D3-BF4B-00C04F79EFBC}") = "SM.Infrastructure", "SM.Infrastructure\SM.Infrastructure.csproj", "{B054E99E-379A-4399-8C25-064B21165E6B}"
EndProject
Project("{FAE04EC0-301F-11D3-BF4B-00C04F79EFBC}") = "SM.WebApi", "SM.WebApi\SM.WebApi.csproj", "{A1FD7495-A688-442E-80C8-5C18C58EE54D}"
EndProject
Project("{2150E333-8FDC-42A3-9474-1A3956D46DE8}") = "src", "src", "{BF6DE68F-A23C-4CC4-A924-9300C87DC10A}"
EndProject
Project("{2150E333-8FDC-42A3-9474-1A3956D46DE8}") = "tests", "tests", "{F8F59AE8-CDE8-497A-94C6-BE631D9D3818}"
EndProject
Project("{2150E333-8FDC-42A3-9474-1A3956D46DE8}") = "UnitTests", "UnitTests", "{AF539749-BB3E-49C8-99B5-F0420751FED6}"
EndProject
Project("{2150E333-8FDC-42A3-9474-1A3956D46DE8}") = "IntegrationTests", "IntegrationTests", "{F0CC6A66-930E-440E-BECD-BD15DE3277D7}"
EndProject
Project("{FAE04EC0-301F-11D3-BF4B-00C04F79EFBC}") = "SM.WebApi.IntegrationTests", "SM.Presentation.IntegrationTests\SM.WebApi.IntegrationTests.csproj", "{E32A23B3-127F-4319-9261-532C37F5A089}"
EndProject
Project("{FAE04EC0-301F-11D3-BF4B-00C04F79EFBC}") = "SM.Persistence.IntegrationTests", "SM.Persistence.IntegrationTests\SM.Persistence.IntegrationTests.csproj", "{BC9B5879-CA11-4B80-9F82-E55DFAF2321A}"
EndProject
Project("{FAE04EC0-301F-11D3-BF4B-00C04F79EFBC}") = "SM.Domain.UnitTests", "SM.Domain.UnitTests\SM.Domain.UnitTests.csproj", "{2D3E1632-A4E6-44C0-879E-9AF5C734E953}"
EndProject
Project("{FAE04EC0-301F-11D3-BF4B-00C04F79EFBC}") = "SM.Application.UnitTests", "SM.Application.UnitTests\SM.Application.UnitTests.csproj", "{228FCC3D-44E9-4B1E-9C2F-B24836B6080B}"
EndProject
Global
	GlobalSection(SolutionConfigurationPlatforms) = preSolution
		Debug|Any CPU = Debug|Any CPU
		Release|Any CPU = Release|Any CPU
	EndGlobalSection
	GlobalSection(ProjectConfigurationPlatforms) = postSolution
		{F4CF1853-8CFF-45DB-A689-C068EB319BB3}.Debug|Any CPU.ActiveCfg = Debug|Any CPU
		{F4CF1853-8CFF-45DB-A689-C068EB319BB3}.Debug|Any CPU.Build.0 = Debug|Any CPU
		{F4CF1853-8CFF-45DB-A689-C068EB319BB3}.Release|Any CPU.ActiveCfg = Release|Any CPU
		{F4CF1853-8CFF-45DB-A689-C068EB319BB3}.Release|Any CPU.Build.0 = Release|Any CPU
		{363CFE21-36B8-43E0-854B-939464E252A0}.Debug|Any CPU.ActiveCfg = Debug|Any CPU
		{363CFE21-36B8-43E0-854B-939464E252A0}.Debug|Any CPU.Build.0 = Debug|Any CPU
		{363CFE21-36B8-43E0-854B-939464E252A0}.Release|Any CPU.ActiveCfg = Release|Any CPU
		{363CFE21-36B8-43E0-854B-939464E252A0}.Release|Any CPU.Build.0 = Release|Any CPU
		{B054E99E-379A-4399-8C25-064B21165E6B}.Debug|Any CPU.ActiveCfg = Debug|Any CPU
		{B054E99E-379A-4399-8C25-064B21165E6B}.Debug|Any CPU.Build.0 = Debug|Any CPU
		{B054E99E-379A-4399-8C25-064B21165E6B}.Release|Any CPU.ActiveCfg = Release|Any CPU
		{B054E99E-379A-4399-8C25-064B21165E6B}.Release|Any CPU.Build.0 = Release|Any CPU
		{A1FD7495-A688-442E-80C8-5C18C58EE54D}.Debug|Any CPU.ActiveCfg = Debug|Any CPU
		{A1FD7495-A688-442E-80C8-5C18C58EE54D}.Debug|Any CPU.Build.0 = Debug|Any CPU
		{A1FD7495-A688-442E-80C8-5C18C58EE54D}.Release|Any CPU.ActiveCfg = Release|Any CPU
		{A1FD7495-A688-442E-80C8-5C18C58EE54D}.Release|Any CPU.Build.0 = Release|Any CPU
		{E32A23B3-127F-4319-9261-532C37F5A089}.Debug|Any CPU.ActiveCfg = Debug|Any CPU
		{E32A23B3-127F-4319-9261-532C37F5A089}.Debug|Any CPU.Build.0 = Debug|Any CPU
		{E32A23B3-127F-4319-9261-532C37F5A089}.Release|Any CPU.ActiveCfg = Release|Any CPU
		{E32A23B3-127F-4319-9261-532C37F5A089}.Release|Any CPU.Build.0 = Release|Any CPU
		{BC9B5879-CA11-4B80-9F82-E55DFAF2321A}.Debug|Any CPU.ActiveCfg = Debug|Any CPU
		{BC9B5879-CA11-4B80-9F82-E55DFAF2321A}.Debug|Any CPU.Build.0 = Debug|Any CPU
		{BC9B5879-CA11-4B80-9F82-E55DFAF2321A}.Release|Any CPU.ActiveCfg = Release|Any CPU
		{BC9B5879-CA11-4B80-9F82-E55DFAF2321A}.Release|Any CPU.Build.0 = Release|Any CPU
		{2D3E1632-A4E6-44C0-879E-9AF5C734E953}.Debug|Any CPU.ActiveCfg = Debug|Any CPU
		{2D3E1632-A4E6-44C0-879E-9AF5C734E953}.Debug|Any CPU.Build.0 = Debug|Any CPU
		{2D3E1632-A4E6-44C0-879E-9AF5C734E953}.Release|Any CPU.ActiveCfg = Release|Any CPU
		{2D3E1632-A4E6-44C0-879E-9AF5C734E953}.Release|Any CPU.Build.0 = Release|Any CPU
		{228FCC3D-44E9-4B1E-9C2F-B24836B6080B}.Debug|Any CPU.ActiveCfg = Debug|Any CPU
		{228FCC3D-44E9-4B1E-9C2F-B24836B6080B}.Debug|Any CPU.Build.0 = Debug|Any CPU
		{228FCC3D-44E9-4B1E-9C2F-B24836B6080B}.Release|Any CPU.ActiveCfg = Release|Any CPU
		{228FCC3D-44E9-4B1E-9C2F-B24836B6080B}.Release|Any CPU.Build.0 = Release|Any CPU
	EndGlobalSection
	GlobalSection(SolutionProperties) = preSolution
		HideSolutionNode = FALSE
	EndGlobalSection
	GlobalSection(NestedProjects) = preSolution
		{F4CF1853-8CFF-45DB-A689-C068EB319BB3} = {B45A38CB-BE94-4CDD-8A1E-D46E3B63D610}
		{B45A38CB-BE94-4CDD-8A1E-D46E3B63D610} = {BF6DE68F-A23C-4CC4-A924-9300C87DC10A}
		{5478D886-5000-4A0A-A977-18918219E55D} = {BF6DE68F-A23C-4CC4-A924-9300C87DC10A}
		{318821ED-6A57-4A2E-8405-D0E92D2BF6A6} = {BF6DE68F-A23C-4CC4-A924-9300C87DC10A}
		{87CAF2BB-4CA7-4E57-BF1C-B3BA17668485} = {BF6DE68F-A23C-4CC4-A924-9300C87DC10A}
		{363CFE21-36B8-43E0-854B-939464E252A0} = {5478D886-5000-4A0A-A977-18918219E55D}
		{B054E99E-379A-4399-8C25-064B21165E6B} = {318821ED-6A57-4A2E-8405-D0E92D2BF6A6}
		{A1FD7495-A688-442E-80C8-5C18C58EE54D} = {87CAF2BB-4CA7-4E57-BF1C-B3BA17668485}
		{AF539749-BB3E-49C8-99B5-F0420751FED6} = {F8F59AE8-CDE8-497A-94C6-BE631D9D3818}
		{F0CC6A66-930E-440E-BECD-BD15DE3277D7} = {F8F59AE8-CDE8-497A-94C6-BE631D9D3818}
		{E32A23B3-127F-4319-9261-532C37F5A089} = {F0CC6A66-930E-440E-BECD-BD15DE3277D7}
		{BC9B5879-CA11-4B80-9F82-E55DFAF2321A} = {F0CC6A66-930E-440E-BECD-BD15DE3277D7}
		{2D3E1632-A4E6-44C0-879E-9AF5C734E953} = {AF539749-BB3E-49C8-99B5-F0420751FED6}
		{228FCC3D-44E9-4B1E-9C2F-B24836B6080B} = {AF539749-BB3E-49C8-99B5-F0420751FED6}
	EndGlobalSection
	GlobalSection(ExtensibilityGlobals) = postSolution
		SolutionGuid = {ACD9A155-324F-4C04-863E-321E57248C5D}
	EndGlobalSection
EndGlobal
